
Microsoft Visual Studio Solution File, Format Version 12.00
# Visual Studio Version 16
VisualStudioVersion = 16.0.31205.134
MinimumVisualStudioVersion = 10.0.40219.1
Project("{FAE04EC0-301F-11D3-BF4B-00C04F79EFBC}") = "Software", "Software\Software.csproj", "{DE4339EA-8BE4-45E4-9568-0E0CE9D54AE9}"
EndProject
Project("{FAE04EC0-301F-11D3-BF4B-00C04F79EFBC}") = "puzzle", "..\Image Puzzle\puzzle\puzzle.csproj", "{17811774-D719-4952-9B1B-B49CD12B5C5B}"
EndProject
Global
	GlobalSection(SolutionConfigurationPlatforms) = preSolution
		Debug|Any CPU = Debug|Any CPU
		Debug|x86 = Debug|x86
		Release|Any CPU = Release|Any CPU
		Release|x86 = Release|x86
	EndGlobalSection
	GlobalSection(ProjectConfigurationPlatforms) = postSolution
		{DE4339EA-8BE4-45E4-9568-0E0CE9D54AE9}.Debug|Any CPU.ActiveCfg = Debug|Any CPU
		{DE4339EA-8BE4-45E4-9568-0E0CE9D54AE9}.Debug|Any CPU.Build.0 = Debug|Any CPU
		{DE4339EA-8BE4-45E4-9568-0E0CE9D54AE9}.Debug|x86.ActiveCfg = Debug|Any CPU
		{DE4339EA-8BE4-45E4-9568-0E0CE9D54AE9}.Debug|x86.Build.0 = Debug|Any CPU
		{DE4339EA-8BE4-45E4-9568-0E0CE9D54AE9}.Release|Any CPU.ActiveCfg = Release|Any CPU
		{DE4339EA-8BE4-45E4-9568-0E0CE9D54AE9}.Release|Any CPU.Build.0 = Release|Any CPU
		{DE4339EA-8BE4-45E4-9568-0E0CE9D54AE9}.Release|x86.ActiveCfg = Release|Any CPU
		{DE4339EA-8BE4-45E4-9568-0E0CE9D54AE9}.Release|x86.Build.0 = Release|Any CPU
		{17811774-D719-4952-9B1B-B49CD12B5C5B}.Debug|Any CPU.ActiveCfg = Debug|x86
		{17811774-D719-4952-9B1B-B49CD12B5C5B}.Debug|x86.ActiveCfg = Debug|x86
		{17811774-D719-4952-9B1B-B49CD12B5C5B}.Debug|x86.Build.0 = Debug|x86
		{17811774-D719-4952-9B1B-B49CD12B5C5B}.Release|Any CPU.ActiveCfg = Release|x86
		{17811774-D719-4952-9B1B-B49CD12B5C5B}.Release|x86.ActiveCfg = Release|x86
		{17811774-D719-4952-9B1B-B49CD12B5C5B}.Release|x86.Build.0 = Release|x86
	EndGlobalSection
	GlobalSection(SolutionProperties) = preSolution
		HideSolutionNode = FALSE
	EndGlobalSection
	GlobalSection(ExtensibilityGlobals) = postSolution
		SolutionGuid = {4BD3C139-7B48-455E-8C9B-D9FE27E57186}
	EndGlobalSection
EndGlobal
